
Microsoft Visual Studio Solution File, Format Version 12.00
# Visual Studio Version 16
VisualStudioVersion = 16.0.31205.134
MinimumVisualStudioVersion = 10.0.40219.1
Project("{9A19103F-16F7-4668-BE54-9A1E7A4F7556}") = "BCMCHOVR", "BCMCHOVR.csproj", "{89D61B89-409A-459B-9FD0-0835B3AE8CAA}"
EndProject
Global
	GlobalSection(SolutionConfigurationPlatforms) = preSolution
		Debug|Any CPU = Debug|Any CPU
		Release|Any CPU = Release|Any CPU
	EndGlobalSection
	GlobalSection(ProjectConfigurationPlatforms) = postSolution
		{89D61B89-409A-459B-9FD0-0835B3AE8CAA}.Debug|Any CPU.ActiveCfg = Debug|Any CPU
		{89D61B89-409A-459B-9FD0-0835B3AE8CAA}.Debug|Any CPU.Build.0 = Debug|Any CPU
		{89D61B89-409A-459B-9FD0-0835B3AE8CAA}.Release|Any CPU.ActiveCfg = Release|Any CPU
		{89D61B89-409A-459B-9FD0-0835B3AE8CAA}.Release|Any CPU.Build.0 = Release|Any CPU
	EndGlobalSection
	GlobalSection(SolutionProperties) = preSolution
		HideSolutionNode = FALSE
	EndGlobalSection
	GlobalSection(ExtensibilityGlobals) = postSolution
		SolutionGuid = {0B4F472D-97A2-4A66-A333-F80DD82DDCE5}
	EndGlobalSection
EndGlobal
